
Microsoft Visual Studio Solution File, Format Version 12.00
# Visual Studio 15
VisualStudioVersion = 15.0.28307.1062
MinimumVisualStudioVersion = 10.0.40219.1
Project("{FAE04EC0-301F-11D3-BF4B-00C04F79EFBC}") = "LinqDemoPart2", "LinqDemoPart2\LinqDemoPart2.csproj", "{20C74318-9145-4F5D-A67A-AB9ED30D5C67}"
EndProject
Global
	GlobalSection(SolutionConfigurationPlatforms) = preSolution
		Debug|Any CPU = Debug|Any CPU
		Release|Any CPU = Release|Any CPU
	EndGlobalSection
	GlobalSection(ProjectConfigurationPlatforms) = postSolution
		{20C74318-9145-4F5D-A67A-AB9ED30D5C67}.Debug|Any CPU.ActiveCfg = Debug|Any CPU
		{20C74318-9145-4F5D-A67A-AB9ED30D5C67}.Debug|Any CPU.Build.0 = Debug|Any CPU
		{20C74318-9145-4F5D-A67A-AB9ED30D5C67}.Release|Any CPU.ActiveCfg = Release|Any CPU
		{20C74318-9145-4F5D-A67A-AB9ED30D5C67}.Release|Any CPU.Build.0 = Release|Any CPU
	EndGlobalSection
	GlobalSection(SolutionProperties) = preSolution
		HideSolutionNode = FALSE
	EndGlobalSection
	GlobalSection(ExtensibilityGlobals) = postSolution
		SolutionGuid = {F96DC877-795C-4BBE-90D3-8100BAB1F9E9}
	EndGlobalSection
EndGlobal
